// !$*UTF8*$!
{
	archiveVersion = 1;
	classes = {
	};
	objectVersion = 46;
	objects = {

/* Begin PBXBuildFile section */
		7CFF52D36202901BF9CB971D /* libPods-iOSLibFrameworkTestTests.a in Frameworks */ = {isa = PBXBuildFile; fileRef = 922B84877AFA9D158230D04D /* libPods-iOSLibFrameworkTestTests.a */; };
		C0B9A5971B49945700FCC34E /* DemoMessagesViewController.m in Sources */ = {isa = PBXBuildFile; fileRef = C0B9A5961B49945700FCC34E /* DemoMessagesViewController.m */; };
		C0CCDD321B48BE860062E179 /* main.m in Sources */ = {isa = PBXBuildFile; fileRef = C0CCDD311B48BE860062E179 /* main.m */; };
		C0CCDD351B48BE860062E179 /* AppDelegate.m in Sources */ = {isa = PBXBuildFile; fileRef = C0CCDD341B48BE860062E179 /* AppDelegate.m */; };
		C0CCDD381B48BE860062E179 /* FirstViewController.m in Sources */ = {isa = PBXBuildFile; fileRef = C0CCDD371B48BE860062E179 /* FirstViewController.m */; };
		C0CCDD3B1B48BE860062E179 /* SecondViewController.m in Sources */ = {isa = PBXBuildFile; fileRef = C0CCDD3A1B48BE860062E179 /* SecondViewController.m */; };
		C0CCDD3E1B48BE860062E179 /* Main.storyboard in Resources */ = {isa = PBXBuildFile; fileRef = C0CCDD3C1B48BE860062E179 /* Main.storyboard */; };
		C0CCDD401B48BE860062E179 /* Images.xcassets in Resources */ = {isa = PBXBuildFile; fileRef = C0CCDD3F1B48BE860062E179 /* Images.xcassets */; };
		C0CCDD431B48BE860062E179 /* LaunchScreen.xib in Resources */ = {isa = PBXBuildFile; fileRef = C0CCDD411B48BE860062E179 /* LaunchScreen.xib */; };
		C0CCDD4F1B48BE860062E179 /* iOSLibFrameworkTestTests.m in Sources */ = {isa = PBXBuildFile; fileRef = C0CCDD4E1B48BE860062E179 /* iOSLibFrameworkTestTests.m */; };
		DAC7B401D5B9555A969BFC90 /* libPods-iOSLibFrameworkTest.a in Frameworks */ = {isa = PBXBuildFile; fileRef = 8301FB3689261B262E190E5B /* libPods-iOSLibFrameworkTest.a */; };
/* End PBXBuildFile section */

/* Begin PBXContainerItemProxy section */
		C0CCDD491B48BE860062E179 /* PBXContainerItemProxy */ = {
			isa = PBXContainerItemProxy;
			containerPortal = C0CCDD241B48BE860062E179 /* Project object */;
			proxyType = 1;
			remoteGlobalIDString = C0CCDD2B1B48BE860062E179;
			remoteInfo = iOSLibFrameworkTest;
		};
/* End PBXContainerItemProxy section */

/* Begin PBXFileReference section */
		6E67F172561A68CE759C0DDE /* Pods-iOSLibFrameworkTestTests.debug.xcconfig */ = {isa = PBXFileReference; includeInIndex = 1; lastKnownFileType = text.xcconfig; name = "Pods-iOSLibFrameworkTestTests.debug.xcconfig"; path = "Pods/Target Support Files/Pods-iOSLibFrameworkTestTests/Pods-iOSLibFrameworkTestTests.debug.xcconfig"; sourceTree = "<group>"; };
		8301FB3689261B262E190E5B /* libPods-iOSLibFrameworkTest.a */ = {isa = PBXFileReference; explicitFileType = archive.ar; includeInIndex = 0; path = "libPods-iOSLibFrameworkTest.a"; sourceTree = BUILT_PRODUCTS_DIR; };
		922B84877AFA9D158230D04D /* libPods-iOSLibFrameworkTestTests.a */ = {isa = PBXFileReference; explicitFileType = archive.ar; includeInIndex = 0; path = "libPods-iOSLibFrameworkTestTests.a"; sourceTree = BUILT_PRODUCTS_DIR; };
		AC26FA0F5E4F86A9BA57785F /* Pods-iOSLibFrameworkTest.release.xcconfig */ = {isa = PBXFileReference; includeInIndex = 1; lastKnownFileType = text.xcconfig; name = "Pods-iOSLibFrameworkTest.release.xcconfig"; path = "Pods/Target Support Files/Pods-iOSLibFrameworkTest/Pods-iOSLibFrameworkTest.release.xcconfig"; sourceTree = "<group>"; };
		BC80107CBB9ACCF88312FF09 /* Pods-iOSLibFrameworkTestTests.release.xcconfig */ = {isa = PBXFileReference; includeInIndex = 1; lastKnownFileType = text.xcconfig; name = "Pods-iOSLibFrameworkTestTests.release.xcconfig"; path = "Pods/Target Support Files/Pods-iOSLibFrameworkTestTests/Pods-iOSLibFrameworkTestTests.release.xcconfig"; sourceTree = "<group>"; };
		C0B9A5951B49945700FCC34E /* DemoMessagesViewController.h */ = {isa = PBXFileReference; fileEncoding = 4; lastKnownFileType = sourcecode.c.h; path = DemoMessagesViewController.h; sourceTree = "<group>"; };
		C0B9A5961B49945700FCC34E /* DemoMessagesViewController.m */ = {isa = PBXFileReference; fileEncoding = 4; lastKnownFileType = sourcecode.c.objc; path = DemoMessagesViewController.m; sourceTree = "<group>"; };
		C0CCDD2C1B48BE860062E179 /* iOSLibFrameworkTest.app */ = {isa = PBXFileReference; explicitFileType = wrapper.application; includeInIndex = 0; path = iOSLibFrameworkTest.app; sourceTree = BUILT_PRODUCTS_DIR; };
		C0CCDD301B48BE860062E179 /* Info.plist */ = {isa = PBXFileReference; lastKnownFileType = text.plist.xml; path = Info.plist; sourceTree = "<group>"; };
		C0CCDD311B48BE860062E179 /* main.m */ = {isa = PBXFileReference; lastKnownFileType = sourcecode.c.objc; path = main.m; sourceTree = "<group>"; };
		C0CCDD331B48BE860062E179 /* AppDelegate.h */ = {isa = PBXFileReference; lastKnownFileType = sourcecode.c.h; path = AppDelegate.h; sourceTree = "<group>"; };
		C0CCDD341B48BE860062E179 /* AppDelegate.m */ = {isa = PBXFileReference; lastKnownFileType = sourcecode.c.objc; path = AppDelegate.m; sourceTree = "<group>"; };
		C0CCDD361B48BE860062E179 /* FirstViewController.h */ = {isa = PBXFileReference; lastKnownFileType = sourcecode.c.h; path = FirstViewController.h; sourceTree = "<group>"; };
		C0CCDD371B48BE860062E179 /* FirstViewController.m */ = {isa = PBXFileReference; lastKnownFileType = sourcecode.c.objc; path = FirstViewController.m; sourceTree = "<group>"; };
		C0CCDD391B48BE860062E179 /* SecondViewController.h */ = {isa = PBXFileReference; lastKnownFileType = sourcecode.c.h; path = SecondViewController.h; sourceTree = "<group>"; };
		C0CCDD3A1B48BE860062E179 /* SecondViewController.m */ = {isa = PBXFileReference; lastKnownFileType = sourcecode.c.objc; path = SecondViewController.m; sourceTree = "<group>"; };
		C0CCDD3D1B48BE860062E179 /* Base */ = {isa = PBXFileReference; lastKnownFileType = file.storyboard; name = Base; path = Base.lproj/Main.storyboard; sourceTree = "<group>"; };
		C0CCDD3F1B48BE860062E179 /* Images.xcassets */ = {isa = PBXFileReference; lastKnownFileType = folder.assetcatalog; path = Images.xcassets; sourceTree = "<group>"; };
		C0CCDD421B48BE860062E179 /* Base */ = {isa = PBXFileReference; lastKnownFileType = file.xib; name = Base; path = Base.lproj/LaunchScreen.xib; sourceTree = "<group>"; };
		C0CCDD481B48BE860062E179 /* iOSLibFrameworkTestTests.xctest */ = {isa = PBXFileReference; explicitFileType = wrapper.cfbundle; includeInIndex = 0; path = iOSLibFrameworkTestTests.xctest; sourceTree = BUILT_PRODUCTS_DIR; };
		C0CCDD4D1B48BE860062E179 /* Info.plist */ = {isa = PBXFileReference; lastKnownFileType = text.plist.xml; path = Info.plist; sourceTree = "<group>"; };
		C0CCDD4E1B48BE860062E179 /* iOSLibFrameworkTestTests.m */ = {isa = PBXFileReference; lastKnownFileType = sourcecode.c.objc; path = iOSLibFrameworkTestTests.m; sourceTree = "<group>"; };
		E159CF6647829224C5274B98 /* Pods-iOSLibFrameworkTest.debug.xcconfig */ = {isa = PBXFileReference; includeInIndex = 1; lastKnownFileType = text.xcconfig; name = "Pods-iOSLibFrameworkTest.debug.xcconfig"; path = "Pods/Target Support Files/Pods-iOSLibFrameworkTest/Pods-iOSLibFrameworkTest.debug.xcconfig"; sourceTree = "<group>"; };
/* End PBXFileReference section */

/* Begin PBXFrameworksBuildPhase section */
		C0CCDD291B48BE860062E179 /* Frameworks */ = {
			isa = PBXFrameworksBuildPhase;
			buildActionMask = 2147483647;
			files = (
				DAC7B401D5B9555A969BFC90 /* libPods-iOSLibFrameworkTest.a in Frameworks */,
			);
			runOnlyForDeploymentPostprocessing = 0;
		};
		C0CCDD451B48BE860062E179 /* Frameworks */ = {
			isa = PBXFrameworksBuildPhase;
			buildActionMask = 2147483647;
			files = (
				7CFF52D36202901BF9CB971D /* libPods-iOSLibFrameworkTestTests.a in Frameworks */,
			);
			runOnlyForDeploymentPostprocessing = 0;
		};
/* End PBXFrameworksBuildPhase section */

/* Begin PBXGroup section */
		379840F605EBDE6D30B12FE1 /* Frameworks */ = {
			isa = PBXGroup;
			children = (
				8301FB3689261B262E190E5B /* libPods-iOSLibFrameworkTest.a */,
				922B84877AFA9D158230D04D /* libPods-iOSLibFrameworkTestTests.a */,
			);
			name = Frameworks;
			sourceTree = "<group>";
		};
		C0CCDD231B48BE860062E179 = {
			isa = PBXGroup;
			children = (
				C0CCDD2E1B48BE860062E179 /* iOSLibFrameworkTest */,
				C0CCDD4B1B48BE860062E179 /* iOSLibFrameworkTestTests */,
				C0CCDD2D1B48BE860062E179 /* Products */,
				C10BAF904FA19707E159F1F6 /* Pods */,
				379840F605EBDE6D30B12FE1 /* Frameworks */,
			);
			sourceTree = "<group>";
		};
		C0CCDD2D1B48BE860062E179 /* Products */ = {
			isa = PBXGroup;
			children = (
				C0CCDD2C1B48BE860062E179 /* iOSLibFrameworkTest.app */,
				C0CCDD481B48BE860062E179 /* iOSLibFrameworkTestTests.xctest */,
			);
			name = Products;
			sourceTree = "<group>";
		};
		C0CCDD2E1B48BE860062E179 /* iOSLibFrameworkTest */ = {
			isa = PBXGroup;
			children = (
				C0CCDD331B48BE860062E179 /* AppDelegate.h */,
				C0CCDD341B48BE860062E179 /* AppDelegate.m */,
				C0CCDD361B48BE860062E179 /* FirstViewController.h */,
				C0CCDD371B48BE860062E179 /* FirstViewController.m */,
				C0CCDD391B48BE860062E179 /* SecondViewController.h */,
				C0CCDD3A1B48BE860062E179 /* SecondViewController.m */,
				C0B9A5951B49945700FCC34E /* DemoMessagesViewController.h */,
				C0B9A5961B49945700FCC34E /* DemoMessagesViewController.m */,
				C0CCDD3C1B48BE860062E179 /* Main.storyboard */,
				C0CCDD3F1B48BE860062E179 /* Images.xcassets */,
				C0CCDD411B48BE860062E179 /* LaunchScreen.xib */,
				C0CCDD2F1B48BE860062E179 /* Supporting Files */,
			);
			path = iOSLibFrameworkTest;
			sourceTree = "<group>";
		};
		C0CCDD2F1B48BE860062E179 /* Supporting Files */ = {
			isa = PBXGroup;
			children = (
				C0CCDD301B48BE860062E179 /* Info.plist */,
				C0CCDD311B48BE860062E179 /* main.m */,
			);
			name = "Supporting Files";
			sourceTree = "<group>";
		};
		C0CCDD4B1B48BE860062E179 /* iOSLibFrameworkTestTests */ = {
			isa = PBXGroup;
			children = (
				C0CCDD4E1B48BE860062E179 /* iOSLibFrameworkTestTests.m */,
				C0CCDD4C1B48BE860062E179 /* Supporting Files */,
			);
			path = iOSLibFrameworkTestTests;
			sourceTree = "<group>";
		};
		C0CCDD4C1B48BE860062E179 /* Supporting Files */ = {
			isa = PBXGroup;
			children = (
				C0CCDD4D1B48BE860062E179 /* Info.plist */,
			);
			name = "Supporting Files";
			sourceTree = "<group>";
		};
		C10BAF904FA19707E159F1F6 /* Pods */ = {
			isa = PBXGroup;
			children = (
				E159CF6647829224C5274B98 /* Pods-iOSLibFrameworkTest.debug.xcconfig */,
				AC26FA0F5E4F86A9BA57785F /* Pods-iOSLibFrameworkTest.release.xcconfig */,
				6E67F172561A68CE759C0DDE /* Pods-iOSLibFrameworkTestTests.debug.xcconfig */,
				BC80107CBB9ACCF88312FF09 /* Pods-iOSLibFrameworkTestTests.release.xcconfig */,
			);
			name = Pods;
			sourceTree = "<group>";
		};
/* End PBXGroup section */

/* Begin PBXNativeTarget section */
		C0CCDD2B1B48BE860062E179 /* iOSLibFrameworkTest */ = {
			isa = PBXNativeTarget;
			buildConfigurationList = C0CCDD521B48BE860062E179 /* Build configuration list for PBXNativeTarget "iOSLibFrameworkTest" */;
			buildPhases = (
				085A0D88EA5FB45F01D740A8 /* Check Pods Manifest.lock */,
				C0CCDD281B48BE860062E179 /* Sources */,
				C0CCDD291B48BE860062E179 /* Frameworks */,
				C0CCDD2A1B48BE860062E179 /* Resources */,
				577720D4EBD5FAC117020874 /* Copy Pods Resources */,
			);
			buildRules = (
			);
			dependencies = (
			);
			name = iOSLibFrameworkTest;
			productName = iOSLibFrameworkTest;
			productReference = C0CCDD2C1B48BE860062E179 /* iOSLibFrameworkTest.app */;
			productType = "com.apple.product-type.application";
		};
		C0CCDD471B48BE860062E179 /* iOSLibFrameworkTestTests */ = {
			isa = PBXNativeTarget;
			buildConfigurationList = C0CCDD551B48BE860062E179 /* Build configuration list for PBXNativeTarget "iOSLibFrameworkTestTests" */;
			buildPhases = (
				76EEA19A11776E4204BB6734 /* Check Pods Manifest.lock */,
				C0CCDD441B48BE860062E179 /* Sources */,
				C0CCDD451B48BE860062E179 /* Frameworks */,
				C0CCDD461B48BE860062E179 /* Resources */,
				FBE6E71D08ABD32D6670BDE1 /* Copy Pods Resources */,
			);
			buildRules = (
			);
			dependencies = (
				C0CCDD4A1B48BE860062E179 /* PBXTargetDependency */,
			);
			name = iOSLibFrameworkTestTests;
			productName = iOSLibFrameworkTestTests;
			productReference = C0CCDD481B48BE860062E179 /* iOSLibFrameworkTestTests.xctest */;
			productType = "com.apple.product-type.bundle.unit-test";
		};
/* End PBXNativeTarget section */

/* Begin PBXProject section */
		C0CCDD241B48BE860062E179 /* Project object */ = {
			isa = PBXProject;
			attributes = {
				LastUpgradeCheck = 0630;
				ORGANIZATIONNAME = Leisure;
				TargetAttributes = {
					C0CCDD2B1B48BE860062E179 = {
						CreatedOnToolsVersion = 6.3.1;
					};
					C0CCDD471B48BE860062E179 = {
						CreatedOnToolsVersion = 6.3.1;
						TestTargetID = C0CCDD2B1B48BE860062E179;
					};
				};
			};
			buildConfigurationList = C0CCDD271B48BE860062E179 /* Build configuration list for PBXProject "iOSLibFrameworkTest" */;
			compatibilityVersion = "Xcode 3.2";
			developmentRegion = English;
			hasScannedForEncodings = 0;
			knownRegions = (
				en,
				Base,
			);
			mainGroup = C0CCDD231B48BE860062E179;
			productRefGroup = C0CCDD2D1B48BE860062E179 /* Products */;
			projectDirPath = "";
			projectRoot = "";
			targets = (
				C0CCDD2B1B48BE860062E179 /* iOSLibFrameworkTest */,
				C0CCDD471B48BE860062E179 /* iOSLibFrameworkTestTests */,
			);
		};
/* End PBXProject section */

/* Begin PBXResourcesBuildPhase section */
		C0CCDD2A1B48BE860062E179 /* Resources */ = {
			isa = PBXResourcesBuildPhase;
			buildActionMask = 2147483647;
			files = (
				C0CCDD3E1B48BE860062E179 /* Main.storyboard in Resources */,
				C0CCDD431B48BE860062E179 /* LaunchScreen.xib in Resources */,
				C0CCDD401B48BE860062E179 /* Images.xcassets in Resources */,
			);
			runOnlyForDeploymentPostprocessing = 0;
		};
		C0CCDD461B48BE860062E179 /* Resources */ = {
			isa = PBXResourcesBuildPhase;
			buildActionMask = 2147483647;
			files = (
			);
			runOnlyForDeploymentPostprocessing = 0;
		};
/* End PBXResourcesBuildPhase section */

/* Begin PBXShellScriptBuildPhase section */
		085A0D88EA5FB45F01D740A8 /* Check Pods Manifest.lock */ = {
			isa = PBXShellScriptBuildPhase;
			buildActionMask = 2147483647;
			files = (
			);
			inputPaths = (
			);
			name = "Check Pods Manifest.lock";
			outputPaths = (
			);
			runOnlyForDeploymentPostprocessing = 0;
			shellPath = /bin/sh;
			shellScript = "diff \"${PODS_ROOT}/../Podfile.lock\" \"${PODS_ROOT}/Manifest.lock\" > /dev/null\nif [[ $? != 0 ]] ; then\n    cat << EOM\nerror: The sandbox is not in sync with the Podfile.lock. Run 'pod install' or update your CocoaPods installation.\nEOM\n    exit 1\nfi\n";
			showEnvVarsInLog = 0;
		};
		577720D4EBD5FAC117020874 /* Copy Pods Resources */ = {
			isa = PBXShellScriptBuildPhase;
			buildActionMask = 2147483647;
			files = (
			);
			inputPaths = (
			);
			name = "Copy Pods Resources";
			outputPaths = (
			);
			runOnlyForDeploymentPostprocessing = 0;
			shellPath = /bin/sh;
			shellScript = "\"${SRCROOT}/Pods/Target Support Files/Pods-iOSLibFrameworkTest/Pods-iOSLibFrameworkTest-resources.sh\"\n";
			showEnvVarsInLog = 0;
		};
		76EEA19A11776E4204BB6734 /* Check Pods Manifest.lock */ = {
			isa = PBXShellScriptBuildPhase;
			buildActionMask = 2147483647;
			files = (
			);
			inputPaths = (
			);
			name = "Check Pods Manifest.lock";
			outputPaths = (
			);
			runOnlyForDeploymentPostprocessing = 0;
			shellPath = /bin/sh;
			shellScript = "diff \"${PODS_ROOT}/../Podfile.lock\" \"${PODS_ROOT}/Manifest.lock\" > /dev/null\nif [[ $? != 0 ]] ; then\n    cat << EOM\nerror: The sandbox is not in sync with the Podfile.lock. Run 'pod install' or update your CocoaPods installation.\nEOM\n    exit 1\nfi\n";
			showEnvVarsInLog = 0;
		};
		FBE6E71D08ABD32D6670BDE1 /* Copy Pods Resources */ = {
			isa = PBXShellScriptBuildPhase;
			buildActionMask = 2147483647;
			files = (
			);
			inputPaths = (
			);
			name = "Copy Pods Resources";
			outputPaths = (
			);
			runOnlyForDeploymentPostprocessing = 0;
			shellPath = /bin/sh;
			shellScript = "\"${SRCROOT}/Pods/Target Support Files/Pods-iOSLibFrameworkTestTests/Pods-iOSLibFrameworkTestTests-resources.sh\"\n";
			showEnvVarsInLog = 0;
		};
/* End PBXShellScriptBuildPhase section */

/* Begin PBXSourcesBuildPhase section */
		C0CCDD281B48BE860062E179 /* Sources */ = {
			isa = PBXSourcesBuildPhase;
			buildActionMask = 2147483647;
			files = (
				C0CCDD3B1B48BE860062E179 /* SecondViewController.m in Sources */,
				C0CCDD351B48BE860062E179 /* AppDelegate.m in Sources */,
				C0CCDD381B48BE860062E179 /* FirstViewController.m in Sources */,
				C0B9A5971B49945700FCC34E /* DemoMessagesViewController.m in Sources */,
				C0CCDD321B48BE860062E179 /* main.m in Sources */,
			);
			runOnlyForDeploymentPostprocessing = 0;
		};
		C0CCDD441B48BE860062E179 /* Sources */ = {
			isa = PBXSourcesBuildPhase;
			buildActionMask = 2147483647;
			files = (
				C0CCDD4F1B48BE860062E179 /* iOSLibFrameworkTestTests.m in Sources */,
			);
			runOnlyForDeploymentPostprocessing = 0;
		};
/* End PBXSourcesBuildPhase section */

/* Begin PBXTargetDependency section */
		C0CCDD4A1B48BE860062E179 /* PBXTargetDependency */ = {
			isa = PBXTargetDependency;
			target = C0CCDD2B1B48BE860062E179 /* iOSLibFrameworkTest */;
			targetProxy = C0CCDD491B48BE860062E179 /* PBXContainerItemProxy */;
		};
/* End PBXTargetDependency section */

/* Begin PBXVariantGroup section */
		C0CCDD3C1B48BE860062E179 /* Main.storyboard */ = {
			isa = PBXVariantGroup;
			children = (
				C0CCDD3D1B48BE860062E179 /* Base */,
			);
			name = Main.storyboard;
			sourceTree = "<group>";
		};
		C0CCDD411B48BE860062E179 /* LaunchScreen.xib */ = {
			isa = PBXVariantGroup;
			children = (
				C0CCDD421B48BE860062E179 /* Base */,
			);
			name = LaunchScreen.xib;
			sourceTree = "<group>";
		};
/* End PBXVariantGroup section */

/* Begin XCBuildConfiguration section */
		C0CCDD501B48BE860062E179 /* Debug */ = {
			isa = XCBuildConfiguration;
			buildSettings = {
				ALWAYS_SEARCH_USER_PATHS = NO;
				CLANG_CXX_LANGUAGE_STANDARD = "gnu++0x";
				CLANG_CXX_LIBRARY = "libc++";
				CLANG_ENABLE_MODULES = YES;
				CLANG_ENABLE_OBJC_ARC = YES;
				CLANG_WARN_BOOL_CONVERSION = YES;
				CLANG_WARN_CONSTANT_CONVERSION = YES;
				CLANG_WARN_DIRECT_OBJC_ISA_USAGE = YES_ERROR;
				CLANG_WARN_EMPTY_BODY = YES;
				CLANG_WARN_ENUM_CONVERSION = YES;
				CLANG_WARN_INT_CONVERSION = YES;
				CLANG_WARN_OBJC_ROOT_CLASS = YES_ERROR;
				CLANG_WARN_UNREACHABLE_CODE = YES;
				CLANG_WARN__DUPLICATE_METHOD_MATCH = YES;
				"CODE_SIGN_IDENTITY[sdk=iphoneos*]" = "iPhone Developer";
				COPY_PHASE_STRIP = NO;
				DEBUG_INFORMATION_FORMAT = "dwarf-with-dsym";
				ENABLE_STRICT_OBJC_MSGSEND = YES;
				GCC_C_LANGUAGE_STANDARD = gnu99;
				GCC_DYNAMIC_NO_PIC = NO;
				GCC_NO_COMMON_BLOCKS = YES;
				GCC_OPTIMIZATION_LEVEL = 0;
				GCC_PREPROCESSOR_DEFINITIONS = (
					"DEBUG=1",
					"$(inherited)",
				);
				GCC_SYMBOLS_PRIVATE_EXTERN = NO;
				GCC_WARN_64_TO_32_BIT_CONVERSION = YES;
				GCC_WARN_ABOUT_RETURN_TYPE = YES_ERROR;
				GCC_WARN_UNDECLARED_SELECTOR = YES;
				GCC_WARN_UNINITIALIZED_AUTOS = YES_AGGRESSIVE;
				GCC_WARN_UNUSED_FUNCTION = YES;
				GCC_WARN_UNUSED_VARIABLE = YES;
				IPHONEOS_DEPLOYMENT_TARGET = 8.3;
				MTL_ENABLE_DEBUG_INFO = YES;
				ONLY_ACTIVE_ARCH = YES;
				SDKROOT = iphoneos;
				TARGETED_DEVICE_FAMILY = "1,2";
			};
			name = Debug;
		};
		C0CCDD511B48BE860062E179 /* Release */ = {
			isa = XCBuildConfiguration;
			buildSettings = {
				ALWAYS_SEARCH_USER_PATHS = NO;
				CLANG_CXX_LANGUAGE_STANDARD = "gnu++0x";
				CLANG_CXX_LIBRARY = "libc++";
				CLANG_ENABLE_MODULES = YES;
				CLANG_ENABLE_OBJC_ARC = YES;
				CLANG_WARN_BOOL_CONVERSION = YES;
				CLANG_WARN_CONSTANT_CONVERSION = YES;
				CLANG_WARN_DIRECT_OBJC_ISA_USAGE = YES_ERROR;
				CLANG_WARN_EMPTY_BODY = YES;
				CLANG_WARN_ENUM_CONVERSION = YES;
				CLANG_WARN_INT_CONVERSION = YES;
				CLANG_WARN_OBJC_ROOT_CLASS = YES_ERROR;
				CLANG_WARN_UNREACHABLE_CODE = YES;
				CLANG_WARN__DUPLICATE_METHOD_MATCH = YES;
				"CODE_SIGN_IDENTITY[sdk=iphoneos*]" = "iPhone Developer";
				COPY_PHASE_STRIP = NO;
				DEBUG_INFORMATION_FORMAT = "dwarf-with-dsym";
				ENABLE_NS_ASSERTIONS = NO;
				ENABLE_STRICT_OBJC_MSGSEND = YES;
				GCC_C_LANGUAGE_STANDARD = gnu99;
				GCC_NO_COMMON_BLOCKS = YES;
				GCC_WARN_64_TO_32_BIT_CONVERSION = YES;
				GCC_WARN_ABOUT_RETURN_TYPE = YES_ERROR;
				GCC_WARN_UNDECLARED_SELECTOR = YES;
				GCC_WARN_UNINITIALIZED_AUTOS = YES_AGGRESSIVE;
				GCC_WARN_UNUSED_FUNCTION = YES;
				GCC_WARN_UNUSED_VARIABLE = YES;
				IPHONEOS_DEPLOYMENT_TARGET = 8.3;
				MTL_ENABLE_DEBUG_INFO = NO;
				SDKROOT = iphoneos;
				TARGETED_DEVICE_FAMILY = "1,2";
				VALIDATE_PRODUCT = YES;
			};
			name = Release;
		};
		C0CCDD531B48BE860062E179 /* Debug */ = {
			isa = XCBuildConfiguration;
			baseConfigurationReference = E159CF6647829224C5274B98 /* Pods-iOSLibFrameworkTest.debug.xcconfig */;
			buildSettings = {
				ASSETCATALOG_COMPILER_APPICON_NAME = AppIcon;
				INFOPLIST_FILE = iOSLibFrameworkTest/Info.plist;
				LD_RUNPATH_SEARCH_PATHS = "$(inherited) @executable_path/Frameworks";
				PRODUCT_NAME = "$(TARGET_NAME)";
			};
			name = Debug;
		};
		C0CCDD541B48BE860062E179 /* Release */ = {
			isa = XCBuildConfiguration;
			baseConfigurationReference = AC26FA0F5E4F86A9BA57785F /* Pods-iOSLibFrameworkTest.release.xcconfig */;
			buildSettings = {
				ASSETCATALOG_COMPILER_APPICON_NAME = AppIcon;
				INFOPLIST_FILE = iOSLibFrameworkTest/Info.plist;
				LD_RUNPATH_SEARCH_PATHS = "$(inherited) @executable_path/Frameworks";
				PRODUCT_NAME = "$(TARGET_NAME)";
			};
			name = Release;
		};
		C0CCDD561B48BE860062E179 /* Debug */ = {
			isa = XCBuildConfiguration;
			baseConfigurationReference = 6E67F172561A68CE759C0DDE /* Pods-iOSLibFrameworkTestTests.debug.xcconfig */;
			buildSettings = {
				BUNDLE_LOADER = "$(TEST_HOST)";
				FRAMEWORK_SEARCH_PATHS = (
					"$(SDKROOT)/Developer/Library/Frameworks",
					"$(inherited)",
				);
				GCC_PREPROCESSOR_DEFINITIONS = (
					"DEBUG=1",
					"$(inherited)",
				);
				INFOPLIST_FILE = iOSLibFrameworkTestTests/Info.plist;
				LD_RUNPATH_SEARCH_PATHS = "$(inherited) @executable_path/Frameworks @loader_path/Frameworks";
				PRODUCT_NAME = "$(TARGET_NAME)";
				TEST_HOST = "$(BUILT_PRODUCTS_DIR)/iOSLibFrameworkTest.app/iOSLibFrameworkTest";
			};
			name = Debug;
		};
		C0CCDD571B48BE860062E179 /* Release */ = {
			isa = XCBuildConfiguration;
			baseConfigurationReference = BC80107CBB9ACCF88312FF09 /* Pods-iOSLibFrameworkTestTests.release.xcconfig */;
			buildSettings = {
				BUNDLE_LOADER = "$(TEST_HOST)";
				FRAMEWORK_SEARCH_PATHS = (
					"$(SDKROOT)/Developer/Library/Frameworks",
					"$(inherited)",
				);
				INFOPLIST_FILE = iOSLibFrameworkTestTests/Info.plist;
				LD_RUNPATH_SEARCH_PATHS = "$(inherited) @executable_path/Frameworks @loader_path/Frameworks";
				PRODUCT_NAME = "$(TARGET_NAME)";
				TEST_HOST = "$(BUILT_PRODUCTS_DIR)/iOSLibFrameworkTest.app/iOSLibFrameworkTest";
			};
			name = Release;
		};
/* End XCBuildConfiguration section */

/* Begin XCConfigurationList section */
		C0CCDD271B48BE860062E179 /* Build configuration list for PBXProject "iOSLibFrameworkTest" */ = {
			isa = XCConfigurationList;
			buildConfigurations = (
				C0CCDD501B48BE860062E179 /* Debug */,
				C0CCDD511B48BE860062E179 /* Release */,
			);
			defaultConfigurationIsVisible = 0;
			defaultConfigurationName = Release;
		};
		C0CCDD521B48BE860062E179 /* Build configuration list for PBXNativeTarget "iOSLibFrameworkTest" */ = {
			isa = XCConfigurationList;
			buildConfigurations = (
				C0CCDD531B48BE860062E179 /* Debug */,
				C0CCDD541B48BE860062E179 /* Release */,
			);
			defaultConfigurationIsVisible = 0;
			defaultConfigurationName = Release;
		};
		C0CCDD551B48BE860062E179 /* Build configuration list for PBXNativeTarget "iOSLibFrameworkTestTests" */ = {
			isa = XCConfigurationList;
			buildConfigurations = (
				C0CCDD561B48BE860062E179 /* Debug */,
				C0CCDD571B48BE860062E179 /* Release */,
			);
			defaultConfigurationIsVisible = 0;
			defaultConfigurationName = Release;
		};
/* End XCConfigurationList section */
	};
	rootObject = C0CCDD241B48BE860062E179 /* Project object */;
}
